schema: '2.0'
stages:
  build_features:
    cmd: python .\src\features\build_features.py
    deps:
    - path: .\data\raw\
      hash: md5
      md5: 23b34e181f0cabc18bce22c780fc3e34.dir
      size: 473174604
      nfiles: 5
    - path: .\src\features\build_features.py
      hash: md5
      md5: c971820b46c78ae7c94663d2a222ed54
      size: 1100
  train_model:
    cmd: python .\src\models\train_model.py .\data\processed\
    deps:
    - path: .\data\processed\
      hash: md5
      md5: ae01878fd371756c71a83fadd474a5c9.dir
      size: 334391247
      nfiles: 3
    - path: .\src\models\train_model.py
      hash: md5
      md5: ea14391b16af9d923714020ccf23ee9f
      size: 3723
  push_model:
    cmd: python .\src\models\push_model.py .\data\processed\
    deps:
    - path: .\models\
      hash: md5
      md5: 392c683242fc67b375482ba14fc946b3.dir
      size: 78714
      nfiles: 1
    - path: .\src\models\train_model.py
      hash: md5
      md5: ea14391b16af9d923714020ccf23ee9f
      size: 3723
